
Microsoft Visual Studio Solution File, Format Version 12.00
# Visual Studio Version 16
VisualStudioVersion = 16.0.29613.14
MinimumVisualStudioVersion = 10.0.40219.1
Project("{FAE04EC0-301F-11D3-BF4B-00C04F79EFBC}") = "10", "10.csproj", "{369A57DA-FD29-41E8-9502-669E472C9416}"
EndProject
Global
	GlobalSection(SolutionConfigurationPlatforms) = preSolution
		Debug|Any CPU = Debug|Any CPU
		Release|Any CPU = Release|Any CPU
	EndGlobalSection
	GlobalSection(ProjectConfigurationPlatforms) = postSolution
		{369A57DA-FD29-41E8-9502-669E472C9416}.Debug|Any CPU.ActiveCfg = Debug|Any CPU
		{369A57DA-FD29-41E8-9502-669E472C9416}.Debug|Any CPU.Build.0 = Debug|Any CPU
		{369A57DA-FD29-41E8-9502-669E472C9416}.Release|Any CPU.ActiveCfg = Release|Any CPU
		{369A57DA-FD29-41E8-9502-669E472C9416}.Release|Any CPU.Build.0 = Release|Any CPU
	EndGlobalSection
	GlobalSection(SolutionProperties) = preSolution
		HideSolutionNode = FALSE
	EndGlobalSection
	GlobalSection(ExtensibilityGlobals) = postSolution
		SolutionGuid = {7DC70C5F-2549-4237-BDB2-7942CAE2327E}
	EndGlobalSection
EndGlobal
