
Microsoft Visual Studio Solution File, Format Version 12.00
# Visual Studio Version 16
VisualStudioVersion = 16.0.29613.14
MinimumVisualStudioVersion = 10.0.40219.1
Project("{FAE04EC0-301F-11D3-BF4B-00C04F79EFBC}") = "8", "8.csproj", "{F82B0C19-FD4A-4626-BD70-DAE52D3F472C}"
EndProject
Global
	GlobalSection(SolutionConfigurationPlatforms) = preSolution
		Debug|Any CPU = Debug|Any CPU
		Release|Any CPU = Release|Any CPU
	EndGlobalSection
	GlobalSection(ProjectConfigurationPlatforms) = postSolution
		{F82B0C19-FD4A-4626-BD70-DAE52D3F472C}.Debug|Any CPU.ActiveCfg = Debug|Any CPU
		{F82B0C19-FD4A-4626-BD70-DAE52D3F472C}.Debug|Any CPU.Build.0 = Debug|Any CPU
		{F82B0C19-FD4A-4626-BD70-DAE52D3F472C}.Release|Any CPU.ActiveCfg = Release|Any CPU
		{F82B0C19-FD4A-4626-BD70-DAE52D3F472C}.Release|Any CPU.Build.0 = Release|Any CPU
	EndGlobalSection
	GlobalSection(SolutionProperties) = preSolution
		HideSolutionNode = FALSE
	EndGlobalSection
	GlobalSection(ExtensibilityGlobals) = postSolution
		SolutionGuid = {5BE354C7-5E63-4D62-8D5B-154AAC89698F}
	EndGlobalSection
EndGlobal
